
Microsoft Visual Studio Solution File, Format Version 12.00
# Visual Studio Version 17
VisualStudioVersion = 17.12.35707.178 d17.12
MinimumVisualStudioVersion = 10.0.40219.1
Project("{FAE04EC0-301F-11D3-BF4B-00C04F79EFBC}") = "Day8_CodingAssignment_4(RazorPages)", "Day8_CodingAssignment_4(RazorPages)\Day8_CodingAssignment_4(RazorPages).csproj", "{627F5C9A-3BD6-44C5-A16D-DB3039F077C8}"
EndProject
Global
	GlobalSection(SolutionConfigurationPlatforms) = preSolution
		Debug|Any CPU = Debug|Any CPU
		Release|Any CPU = Release|Any CPU
	EndGlobalSection
	GlobalSection(ProjectConfigurationPlatforms) = postSolution
		{627F5C9A-3BD6-44C5-A16D-DB3039F077C8}.Debug|Any CPU.ActiveCfg = Debug|Any CPU
		{627F5C9A-3BD6-44C5-A16D-DB3039F077C8}.Debug|Any CPU.Build.0 = Debug|Any CPU
		{627F5C9A-3BD6-44C5-A16D-DB3039F077C8}.Release|Any CPU.ActiveCfg = Release|Any CPU
		{627F5C9A-3BD6-44C5-A16D-DB3039F077C8}.Release|Any CPU.Build.0 = Release|Any CPU
	EndGlobalSection
	GlobalSection(SolutionProperties) = preSolution
		HideSolutionNode = FALSE
	EndGlobalSection
EndGlobal
