
Microsoft Visual Studio Solution File, Format Version 12.00
# Visual Studio Version 17
VisualStudioVersion = 17.12.35707.178 d17.12
MinimumVisualStudioVersion = 10.0.40219.1
Project("{FAE04EC0-301F-11D3-BF4B-00C04F79EFBC}") = "Library_Management_System", "Day8_CodingAssignment_2\Library_Management_System.csproj", "{030E15C5-4033-4416-8E76-0D469683ABA3}"
EndProject
Project("{FAE04EC0-301F-11D3-BF4B-00C04F79EFBC}") = "TestProject1", "TestProject1\TestProject1.csproj", "{9CAB1C9A-067E-4DCB-A7E4-2867D7DDF48F}"
EndProject
Global
	GlobalSection(SolutionConfigurationPlatforms) = preSolution
		Debug|Any CPU = Debug|Any CPU
		Release|Any CPU = Release|Any CPU
	EndGlobalSection
	GlobalSection(ProjectConfigurationPlatforms) = postSolution
		{030E15C5-4033-4416-8E76-0D469683ABA3}.Debug|Any CPU.ActiveCfg = Debug|Any CPU
		{030E15C5-4033-4416-8E76-0D469683ABA3}.Debug|Any CPU.Build.0 = Debug|Any CPU
		{030E15C5-4033-4416-8E76-0D469683ABA3}.Release|Any CPU.ActiveCfg = Release|Any CPU
		{030E15C5-4033-4416-8E76-0D469683ABA3}.Release|Any CPU.Build.0 = Release|Any CPU
		{9CAB1C9A-067E-4DCB-A7E4-2867D7DDF48F}.Debug|Any CPU.ActiveCfg = Debug|Any CPU
		{9CAB1C9A-067E-4DCB-A7E4-2867D7DDF48F}.Debug|Any CPU.Build.0 = Debug|Any CPU
		{9CAB1C9A-067E-4DCB-A7E4-2867D7DDF48F}.Release|Any CPU.ActiveCfg = Release|Any CPU
		{9CAB1C9A-067E-4DCB-A7E4-2867D7DDF48F}.Release|Any CPU.Build.0 = Release|Any CPU
	EndGlobalSection
	GlobalSection(SolutionProperties) = preSolution
		HideSolutionNode = FALSE
	EndGlobalSection
EndGlobal
