
Microsoft Visual Studio Solution File, Format Version 12.00
# Visual Studio Version 17
VisualStudioVersion = 17.12.35707.178 d17.12
MinimumVisualStudioVersion = 10.0.40219.1
Project("{FAE04EC0-301F-11D3-BF4B-00C04F79EFBC}") = "ExceptionHandling", "WiproNGATraningDay6\ExceptionHandling.csproj", "{44E24A7F-241D-4837-90A8-9C1D2D213D6D}"
EndProject
Project("{FAE04EC0-301F-11D3-BF4B-00C04F79EFBC}") = "ExceptionHandilingBestPractice", "ExceptionHandilingBestPractice\ExceptionHandilingBestPractice.csproj", "{D18927B1-8B3A-4876-A7D4-C59F44A7820B}"
EndProject
Global
	GlobalSection(SolutionConfigurationPlatforms) = preSolution
		Debug|Any CPU = Debug|Any CPU
		Release|Any CPU = Release|Any CPU
	EndGlobalSection
	GlobalSection(ProjectConfigurationPlatforms) = postSolution
		{44E24A7F-241D-4837-90A8-9C1D2D213D6D}.Debug|Any CPU.ActiveCfg = Debug|Any CPU
		{44E24A7F-241D-4837-90A8-9C1D2D213D6D}.Debug|Any CPU.Build.0 = Debug|Any CPU
		{44E24A7F-241D-4837-90A8-9C1D2D213D6D}.Release|Any CPU.ActiveCfg = Release|Any CPU
		{44E24A7F-241D-4837-90A8-9C1D2D213D6D}.Release|Any CPU.Build.0 = Release|Any CPU
		{D18927B1-8B3A-4876-A7D4-C59F44A7820B}.Debug|Any CPU.ActiveCfg = Debug|Any CPU
		{D18927B1-8B3A-4876-A7D4-C59F44A7820B}.Debug|Any CPU.Build.0 = Debug|Any CPU
		{D18927B1-8B3A-4876-A7D4-C59F44A7820B}.Release|Any CPU.ActiveCfg = Release|Any CPU
		{D18927B1-8B3A-4876-A7D4-C59F44A7820B}.Release|Any CPU.Build.0 = Release|Any CPU
	EndGlobalSection
	GlobalSection(SolutionProperties) = preSolution
		HideSolutionNode = FALSE
	EndGlobalSection
EndGlobal
