
Microsoft Visual Studio Solution File, Format Version 12.00
# Visual Studio Version 17
VisualStudioVersion = 17.12.35707.178 d17.12
MinimumVisualStudioVersion = 10.0.40219.1
Project("{FAE04EC0-301F-11D3-BF4B-00C04F79EFBC}") = "WiproNGATraningDay4", "WiproNGATraningDay4\WiproNGATraningDay4.csproj", "{670EEEAE-926E-404B-96B4-34184950F793}"
EndProject
Project("{FAE04EC0-301F-11D3-BF4B-00C04F79EFBC}") = "Multilevel Inheritance", "Multilevel Inheritance\Multilevel Inheritance.csproj", "{DA716E6B-F6A4-4875-9E4F-54BE60A394B5}"
EndProject
Project("{FAE04EC0-301F-11D3-BF4B-00C04F79EFBC}") = "HierarchicalInheritance", "HierarchicalInheritance\HierarchicalInheritance.csproj", "{FB94D2DC-8BD4-4651-BDFD-4496DD0897BE}"
EndProject
Project("{FAE04EC0-301F-11D3-BF4B-00C04F79EFBC}") = "HybridInheritance", "HybridInheritance\HybridInheritance.csproj", "{E774D40B-ADD6-4EFD-A2AB-A2F781F44012}"
EndProject
Project("{FAE04EC0-301F-11D3-BF4B-00C04F79EFBC}") = "MultipleInheritance", "MultipleInheritance\MultipleInheritance.csproj", "{66E47BB3-BB24-407E-A790-8BDC94C0982B}"
EndProject
Global
	GlobalSection(SolutionConfigurationPlatforms) = preSolution
		Debug|Any CPU = Debug|Any CPU
		Release|Any CPU = Release|Any CPU
	EndGlobalSection
	GlobalSection(ProjectConfigurationPlatforms) = postSolution
		{670EEEAE-926E-404B-96B4-34184950F793}.Debug|Any CPU.ActiveCfg = Debug|Any CPU
		{670EEEAE-926E-404B-96B4-34184950F793}.Debug|Any CPU.Build.0 = Debug|Any CPU
		{670EEEAE-926E-404B-96B4-34184950F793}.Release|Any CPU.ActiveCfg = Release|Any CPU
		{670EEEAE-926E-404B-96B4-34184950F793}.Release|Any CPU.Build.0 = Release|Any CPU
		{DA716E6B-F6A4-4875-9E4F-54BE60A394B5}.Debug|Any CPU.ActiveCfg = Debug|Any CPU
		{DA716E6B-F6A4-4875-9E4F-54BE60A394B5}.Debug|Any CPU.Build.0 = Debug|Any CPU
		{DA716E6B-F6A4-4875-9E4F-54BE60A394B5}.Release|Any CPU.ActiveCfg = Release|Any CPU
		{DA716E6B-F6A4-4875-9E4F-54BE60A394B5}.Release|Any CPU.Build.0 = Release|Any CPU
		{FB94D2DC-8BD4-4651-BDFD-4496DD0897BE}.Debug|Any CPU.ActiveCfg = Debug|Any CPU
		{FB94D2DC-8BD4-4651-BDFD-4496DD0897BE}.Debug|Any CPU.Build.0 = Debug|Any CPU
		{FB94D2DC-8BD4-4651-BDFD-4496DD0897BE}.Release|Any CPU.ActiveCfg = Release|Any CPU
		{FB94D2DC-8BD4-4651-BDFD-4496DD0897BE}.Release|Any CPU.Build.0 = Release|Any CPU
		{E774D40B-ADD6-4EFD-A2AB-A2F781F44012}.Debug|Any CPU.ActiveCfg = Debug|Any CPU
		{E774D40B-ADD6-4EFD-A2AB-A2F781F44012}.Debug|Any CPU.Build.0 = Debug|Any CPU
		{E774D40B-ADD6-4EFD-A2AB-A2F781F44012}.Release|Any CPU.ActiveCfg = Release|Any CPU
		{E774D40B-ADD6-4EFD-A2AB-A2F781F44012}.Release|Any CPU.Build.0 = Release|Any CPU
		{66E47BB3-BB24-407E-A790-8BDC94C0982B}.Debug|Any CPU.ActiveCfg = Debug|Any CPU
		{66E47BB3-BB24-407E-A790-8BDC94C0982B}.Debug|Any CPU.Build.0 = Debug|Any CPU
		{66E47BB3-BB24-407E-A790-8BDC94C0982B}.Release|Any CPU.ActiveCfg = Release|Any CPU
		{66E47BB3-BB24-407E-A790-8BDC94C0982B}.Release|Any CPU.Build.0 = Release|Any CPU
	EndGlobalSection
	GlobalSection(SolutionProperties) = preSolution
		HideSolutionNode = FALSE
	EndGlobalSection
EndGlobal
