
Microsoft Visual Studio Solution File, Format Version 12.00
# Visual Studio Version 17
VisualStudioVersion = 17.12.35707.178 d17.12
MinimumVisualStudioVersion = 10.0.40219.1
Project("{FAE04EC0-301F-11D3-BF4B-00C04F79EFBC}") = "WiproNGATraningDay1", "WiproNGATraningDay1\WiproNGATraningDay1.csproj", "{9F526834-1271-4163-88CA-AC4F31199D81}"
EndProject
Global
	GlobalSection(SolutionConfigurationPlatforms) = preSolution
		Debug|Any CPU = Debug|Any CPU
		Release|Any CPU = Release|Any CPU
	EndGlobalSection
	GlobalSection(ProjectConfigurationPlatforms) = postSolution
		{9F526834-1271-4163-88CA-AC4F31199D81}.Debug|Any CPU.ActiveCfg = Debug|Any CPU
		{9F526834-1271-4163-88CA-AC4F31199D81}.Debug|Any CPU.Build.0 = Debug|Any CPU
		{9F526834-1271-4163-88CA-AC4F31199D81}.Release|Any CPU.ActiveCfg = Release|Any CPU
		{9F526834-1271-4163-88CA-AC4F31199D81}.Release|Any CPU.Build.0 = Release|Any CPU
	EndGlobalSection
	GlobalSection(SolutionProperties) = preSolution
		HideSolutionNode = FALSE
	EndGlobalSection
EndGlobal
